# THIS IS AN AUTOGENERATED FILE. DO NOT EDIT THIS FILE DIRECTLY.
# yarn lockfile v1


"@zxing/library@^0.15.1":
  version "0.15.2"
  resolved "https://registry.yarnpkg.com/@zxing/library/-/library-0.15.2.tgz#3026071aca80a84af09706dffa1d386053e11efc"
  integrity sha512-J+N88Eyg6eI2SKIk2YIkjjNICbMSqmLZnB3oD1S21Bi3k+Ddg2eKe/nW+Hce4NKAFAZtY1mdDM08Bj9eu87HSg==
  dependencies:
    ts-custom-error "^3.0.0"
  optionalDependencies:
    text-encoding "^0.7.0"

text-encoding@^0.7.0:
  version "0.7.0"
  resolved "https://registry.yarnpkg.com/text-encoding/-/text-encoding-0.7.0.tgz#f895e836e45990624086601798ea98e8f36ee643"
  integrity sha512-oJQ3f1hrOnbRLOcwKz0Liq2IcrvDeZRHXhd9RgLrsT+DjWY/nty1Hi7v3dtkaEYbPYe0mUoOfzRrMwfXXwgPUA==

ts-custom-error@^3.0.0:
  version "3.2.0"
  resolved "https://registry.yarnpkg.com/ts-custom-error/-/ts-custom-error-3.2.0.tgz#ff8f80a3812bab9dc448536312da52dce1b720fb"
  integrity sha512-cBvC2QjtvJ9JfWLvstVnI45Y46Y5dMxIaG1TDMGAD/R87hpvqFL+7LhvUDhnRCfOnx/xitollFWWvUKKKhbN0A==
